
Microsoft Visual Studio Solution File, Format Version 12.00
# Visual Studio Version 17
VisualStudioVersion = 17.14.36705.20
MinimumVisualStudioVersion = 10.0.40219.1
Project("{FAE04EC0-301F-11D3-BF4B-00C04F79EFBC}") = "FunBoardGames.App", "FunBoardGames.App\FunBoardGames.App.csproj", "{FCAF93C2-3343-4BB6-9220-AF15E96728D0}"
EndProject
Project("{FAE04EC0-301F-11D3-BF4B-00C04F79EFBC}") = "FunBoardGames.SignalR.Shared", "FunBoardGames.SignalR.Shared\FunBoardGames.SignalR.Shared.csproj", "{79D61980-7750-4224-B8C4-863C95B123A1}"
EndProject
Project("{FAE04EC0-301F-11D3-BF4B-00C04F79EFBC}") = "FunBoardGames.Database", "FunBoardGames.Database\FunBoardGames.Database.csproj", "{375FF796-CF8E-4898-A2C7-2343FFCBE239}"
EndProject
Project("{FAE04EC0-301F-11D3-BF4B-00C04F79EFBC}") = "FunBoardGames.App.Tests", "FunBoardGames.App.Tests\FunBoardGames.App.Tests.csproj", "{AF20B837-84C4-48D0-B78C-37D65B2E117E}"
EndProject
Global
	GlobalSection(SolutionConfigurationPlatforms) = preSolution
		Debug|Any CPU = Debug|Any CPU
		Release|Any CPU = Release|Any CPU
	EndGlobalSection
	GlobalSection(ProjectConfigurationPlatforms) = postSolution
		{FCAF93C2-3343-4BB6-9220-AF15E96728D0}.Debug|Any CPU.ActiveCfg = Debug|Any CPU
		{FCAF93C2-3343-4BB6-9220-AF15E96728D0}.Debug|Any CPU.Build.0 = Debug|Any CPU
		{FCAF93C2-3343-4BB6-9220-AF15E96728D0}.Release|Any CPU.ActiveCfg = Release|Any CPU
		{FCAF93C2-3343-4BB6-9220-AF15E96728D0}.Release|Any CPU.Build.0 = Release|Any CPU
		{79D61980-7750-4224-B8C4-863C95B123A1}.Debug|Any CPU.ActiveCfg = Debug|Any CPU
		{79D61980-7750-4224-B8C4-863C95B123A1}.Debug|Any CPU.Build.0 = Debug|Any CPU
		{79D61980-7750-4224-B8C4-863C95B123A1}.Release|Any CPU.ActiveCfg = Release|Any CPU
		{79D61980-7750-4224-B8C4-863C95B123A1}.Release|Any CPU.Build.0 = Release|Any CPU
		{375FF796-CF8E-4898-A2C7-2343FFCBE239}.Debug|Any CPU.ActiveCfg = Debug|Any CPU
		{375FF796-CF8E-4898-A2C7-2343FFCBE239}.Debug|Any CPU.Build.0 = Debug|Any CPU
		{375FF796-CF8E-4898-A2C7-2343FFCBE239}.Release|Any CPU.ActiveCfg = Release|Any CPU
		{375FF796-CF8E-4898-A2C7-2343FFCBE239}.Release|Any CPU.Build.0 = Release|Any CPU
		{AF20B837-84C4-48D0-B78C-37D65B2E117E}.Debug|Any CPU.ActiveCfg = Debug|Any CPU
		{AF20B837-84C4-48D0-B78C-37D65B2E117E}.Debug|Any CPU.Build.0 = Debug|Any CPU
		{AF20B837-84C4-48D0-B78C-37D65B2E117E}.Release|Any CPU.ActiveCfg = Release|Any CPU
		{AF20B837-84C4-48D0-B78C-37D65B2E117E}.Release|Any CPU.Build.0 = Release|Any CPU
	EndGlobalSection
	GlobalSection(SolutionProperties) = preSolution
		HideSolutionNode = FALSE
	EndGlobalSection
	GlobalSection(ExtensibilityGlobals) = postSolution
		SolutionGuid = {FC7B131D-8D76-4ACE-8775-3128B7337C24}
	EndGlobalSection
EndGlobal
